
Microsoft Visual Studio Solution File, Format Version 12.00
# Visual Studio Version 17
VisualStudioVersion = 17.7.34031.279
MinimumVisualStudioVersion = 10.0.40219.1
Project("{9A19103F-16F7-4668-BE54-9A1E7A4F7556}") = "Test", "Test\Test.csproj", "{2B27915E-F5FA-4008-8AA2-2631D3446A1D}"
EndProject
Project("{9A19103F-16F7-4668-BE54-9A1E7A4F7556}") = "Rubedo", "Rubedo\Rubedo.csproj", "{FFE5EF14-0843-44F9-8DAE-11729ED9FC71}"
EndProject
Global
	GlobalSection(SolutionConfigurationPlatforms) = preSolution
		Debug|Any CPU = Debug|Any CPU
		Release|Any CPU = Release|Any CPU
	EndGlobalSection
	GlobalSection(ProjectConfigurationPlatforms) = postSolution
		{2B27915E-F5FA-4008-8AA2-2631D3446A1D}.Debug|Any CPU.ActiveCfg = Debug|Any CPU
		{2B27915E-F5FA-4008-8AA2-2631D3446A1D}.Debug|Any CPU.Build.0 = Debug|Any CPU
		{2B27915E-F5FA-4008-8AA2-2631D3446A1D}.Release|Any CPU.ActiveCfg = Release|Any CPU
		{2B27915E-F5FA-4008-8AA2-2631D3446A1D}.Release|Any CPU.Build.0 = Release|Any CPU
		{FFE5EF14-0843-44F9-8DAE-11729ED9FC71}.Debug|Any CPU.ActiveCfg = Debug|Any CPU
		{FFE5EF14-0843-44F9-8DAE-11729ED9FC71}.Debug|Any CPU.Build.0 = Debug|Any CPU
		{FFE5EF14-0843-44F9-8DAE-11729ED9FC71}.Release|Any CPU.ActiveCfg = Release|Any CPU
		{FFE5EF14-0843-44F9-8DAE-11729ED9FC71}.Release|Any CPU.Build.0 = Release|Any CPU
	EndGlobalSection
	GlobalSection(SolutionProperties) = preSolution
		HideSolutionNode = FALSE
	EndGlobalSection
	GlobalSection(ExtensibilityGlobals) = postSolution
		SolutionGuid = {C294BEF6-20C7-4C94-9264-B9E4FD9194E8}
	EndGlobalSection
EndGlobal
